
Microsoft Visual Studio Solution File, Format Version 12.00
# Visual Studio Version 17
VisualStudioVersion = 17.5.002.0
MinimumVisualStudioVersion = 10.0.40219.1
Project("{2150E333-8FDC-42A3-9474-1A3956D46DE8}") = "Labfiles", "Labfiles", "{E7648B79-DEC0-43B9-9FD6-C95B089B8554}"
EndProject
Project("{2150E333-8FDC-42A3-9474-1A3956D46DE8}") = "01-analyze-text", "01-analyze-text", "{6F80C03B-4A15-4746-873D-4A9F5F523094}"
EndProject
Project("{2150E333-8FDC-42A3-9474-1A3956D46DE8}") = "C-Sharp", "C-Sharp", "{1B80E2E1-BDEC-4BFB-8687-44FEF5817929}"
EndProject
Project("{9A19103F-16F7-4668-BE54-9A1E7A4F7556}") = "text-analysis", "Labfiles\01-analyze-text\C-Sharp\text-analysis\text-analysis.csproj", "{538DC46D-1A8A-4198-A93C-6EB3EA31F99D}"
EndProject
Project("{2150E333-8FDC-42A3-9474-1A3956D46DE8}") = "02-qna", "02-qna", "{27EB065A-DA6B-42D4-AAB2-19252C15CF00}"
EndProject
Project("{2150E333-8FDC-42A3-9474-1A3956D46DE8}") = "C-Sharp", "C-Sharp", "{A77A66C9-6C85-42D6-BDEF-7284925455CC}"
EndProject
Project("{9A19103F-16F7-4668-BE54-9A1E7A4F7556}") = "qna-app", "Labfiles\02-qna\C-Sharp\qna-app\qna-app.csproj", "{D601096F-04AB-456B-930D-E31552F93EFD}"
EndProject
Project("{2150E333-8FDC-42A3-9474-1A3956D46DE8}") = "03-language", "03-language", "{585E2475-2F51-463E-A51B-37D418A13470}"
EndProject
Project("{2150E333-8FDC-42A3-9474-1A3956D46DE8}") = "C-Sharp", "C-Sharp", "{CE1F6300-F144-4108-88D2-C81C65E19446}"
EndProject
Project("{9A19103F-16F7-4668-BE54-9A1E7A4F7556}") = "clock_client", "Labfiles\03-language\C-Sharp\clock-client\clock_client.csproj", "{0292B865-F83A-4067-AA7A-AC4390C5D003}"
EndProject
Project("{2150E333-8FDC-42A3-9474-1A3956D46DE8}") = "03b-language-app", "03b-language-app", "{D74361A4-7B25-4508-A2D5-1C7548CA18F8}"
EndProject
Project("{2150E333-8FDC-42A3-9474-1A3956D46DE8}") = "C-Sharp", "C-Sharp", "{D7A09862-1A83-4B3F-9346-CD6FDC6FD34B}"
EndProject
Project("{9A19103F-16F7-4668-BE54-9A1E7A4F7556}") = "clock_client", "Labfiles\03b-language-app\C-Sharp\clock-client\clock_client.csproj", "{26E8C430-A27B-4162-A52B-2E13B81774A3}"
EndProject
Project("{2150E333-8FDC-42A3-9474-1A3956D46DE8}") = "04-text-classification", "04-text-classification", "{481A0A0A-46AF-4297-9D1E-B7E418568D37}"
EndProject
Project("{2150E333-8FDC-42A3-9474-1A3956D46DE8}") = "C-Sharp", "C-Sharp", "{7029520D-2D7C-4FAA-BB61-A798B7B4E914}"
EndProject
Project("{9A19103F-16F7-4668-BE54-9A1E7A4F7556}") = "classify-text", "Labfiles\04-text-classification\C-Sharp\classify-text\classify-text.csproj", "{BB245CC5-DB0E-402B-A018-2392DB0B031D}"
EndProject
Project("{2150E333-8FDC-42A3-9474-1A3956D46DE8}") = "05-custom-entity-recognition", "05-custom-entity-recognition", "{B3215B20-4E91-4F7C-8C50-CE05E950CF12}"
EndProject
Project("{2150E333-8FDC-42A3-9474-1A3956D46DE8}") = "C-Sharp", "C-Sharp", "{AB294657-44D8-4BDC-B61C-B6B4FADEFA68}"
EndProject
Project("{9A19103F-16F7-4668-BE54-9A1E7A4F7556}") = "custom-entities", "Labfiles\05-custom-entity-recognition\C-Sharp\custom-entities\custom-entities.csproj", "{23A92D75-074E-4789-A5F8-2732448F8342}"
EndProject
Project("{2150E333-8FDC-42A3-9474-1A3956D46DE8}") = "06-translate-text", "06-translate-text", "{A7865E09-1E3C-4500-A86D-0DED37B2E83F}"
EndProject
Project("{2150E333-8FDC-42A3-9474-1A3956D46DE8}") = "C-Sharp", "C-Sharp", "{C3E3E2BB-7692-4CFD-9508-7AB4D3833AA9}"
EndProject
Project("{9A19103F-16F7-4668-BE54-9A1E7A4F7556}") = "translate_text", "Labfiles\06-translate-text\C-Sharp\text-translation\translate_text.csproj", "{C0DFDB64-5B99-41C7-8A75-DB4D9AF14087}"
EndProject
Project("{2150E333-8FDC-42A3-9474-1A3956D46DE8}") = "06b-translator-sdk", "06b-translator-sdk", "{0B00253D-7899-4CB9-9C88-B197492B8CDE}"
EndProject
Project("{2150E333-8FDC-42A3-9474-1A3956D46DE8}") = "C-Sharp", "C-Sharp", "{0F42143D-C8DB-4B24-AFDB-7AA8B3FD922F}"
EndProject
Project("{9A19103F-16F7-4668-BE54-9A1E7A4F7556}") = "translate_text", "Labfiles\06b-translator-sdk\C-Sharp\translate-text\translate_text.csproj", "{764FFFAD-C2A1-4761-B4B2-3EE166139F7C}"
EndProject
Project("{2150E333-8FDC-42A3-9474-1A3956D46DE8}") = "07-speech", "07-speech", "{4A008A2C-0745-42CC-B20D-78908FD90606}"
EndProject
Project("{2150E333-8FDC-42A3-9474-1A3956D46DE8}") = "C-Sharp", "C-Sharp", "{8F524485-AE28-4676-9BDD-9A071035A1C4}"
EndProject
Project("{9A19103F-16F7-4668-BE54-9A1E7A4F7556}") = "speaking-clock", "Labfiles\07-speech\C-Sharp\speaking-clock\speaking-clock.csproj", "{372FF400-7AC5-43BE-969D-7B66DD50082D}"
EndProject
Project("{2150E333-8FDC-42A3-9474-1A3956D46DE8}") = "08-speech-translation", "08-speech-translation", "{CBA86A3B-58E2-419F-AEB8-2BC6C2F833D4}"
EndProject
Project("{2150E333-8FDC-42A3-9474-1A3956D46DE8}") = "C-Sharp", "C-Sharp", "{A8D6A7DD-B879-474A-BDD5-6D354CF13046}"
EndProject
Project("{9A19103F-16F7-4668-BE54-9A1E7A4F7556}") = "translator", "Labfiles\08-speech-translation\C-Sharp\translator\translator.csproj", "{6D7C5286-143D-43CA-9697-DBDE29817F32}"
EndProject
Global
	GlobalSection(SolutionConfigurationPlatforms) = preSolution
		Debug|Any CPU = Debug|Any CPU
		Release|Any CPU = Release|Any CPU
	EndGlobalSection
	GlobalSection(ProjectConfigurationPlatforms) = postSolution
		{538DC46D-1A8A-4198-A93C-6EB3EA31F99D}.Debug|Any CPU.ActiveCfg = Debug|Any CPU
		{538DC46D-1A8A-4198-A93C-6EB3EA31F99D}.Debug|Any CPU.Build.0 = Debug|Any CPU
		{538DC46D-1A8A-4198-A93C-6EB3EA31F99D}.Release|Any CPU.ActiveCfg = Release|Any CPU
		{538DC46D-1A8A-4198-A93C-6EB3EA31F99D}.Release|Any CPU.Build.0 = Release|Any CPU
		{D601096F-04AB-456B-930D-E31552F93EFD}.Debug|Any CPU.ActiveCfg = Debug|Any CPU
		{D601096F-04AB-456B-930D-E31552F93EFD}.Debug|Any CPU.Build.0 = Debug|Any CPU
		{D601096F-04AB-456B-930D-E31552F93EFD}.Release|Any CPU.ActiveCfg = Release|Any CPU
		{D601096F-04AB-456B-930D-E31552F93EFD}.Release|Any CPU.Build.0 = Release|Any CPU
		{0292B865-F83A-4067-AA7A-AC4390C5D003}.Debug|Any CPU.ActiveCfg = Debug|Any CPU
		{0292B865-F83A-4067-AA7A-AC4390C5D003}.Debug|Any CPU.Build.0 = Debug|Any CPU
		{0292B865-F83A-4067-AA7A-AC4390C5D003}.Release|Any CPU.ActiveCfg = Release|Any CPU
		{0292B865-F83A-4067-AA7A-AC4390C5D003}.Release|Any CPU.Build.0 = Release|Any CPU
		{26E8C430-A27B-4162-A52B-2E13B81774A3}.Debug|Any CPU.ActiveCfg = Debug|Any CPU
		{26E8C430-A27B-4162-A52B-2E13B81774A3}.Debug|Any CPU.Build.0 = Debug|Any CPU
		{26E8C430-A27B-4162-A52B-2E13B81774A3}.Release|Any CPU.ActiveCfg = Release|Any CPU
		{26E8C430-A27B-4162-A52B-2E13B81774A3}.Release|Any CPU.Build.0 = Release|Any CPU
		{BB245CC5-DB0E-402B-A018-2392DB0B031D}.Debug|Any CPU.ActiveCfg = Debug|Any CPU
		{BB245CC5-DB0E-402B-A018-2392DB0B031D}.Debug|Any CPU.Build.0 = Debug|Any CPU
		{BB245CC5-DB0E-402B-A018-2392DB0B031D}.Release|Any CPU.ActiveCfg = Release|Any CPU
		{BB245CC5-DB0E-402B-A018-2392DB0B031D}.Release|Any CPU.Build.0 = Release|Any CPU
		{23A92D75-074E-4789-A5F8-2732448F8342}.Debug|Any CPU.ActiveCfg = Debug|Any CPU
		{23A92D75-074E-4789-A5F8-2732448F8342}.Debug|Any CPU.Build.0 = Debug|Any CPU
		{23A92D75-074E-4789-A5F8-2732448F8342}.Release|Any CPU.ActiveCfg = Release|Any CPU
		{23A92D75-074E-4789-A5F8-2732448F8342}.Release|Any CPU.Build.0 = Release|Any CPU
		{C0DFDB64-5B99-41C7-8A75-DB4D9AF14087}.Debug|Any CPU.ActiveCfg = Debug|Any CPU
		{C0DFDB64-5B99-41C7-8A75-DB4D9AF14087}.Debug|Any CPU.Build.0 = Debug|Any CPU
		{C0DFDB64-5B99-41C7-8A75-DB4D9AF14087}.Release|Any CPU.ActiveCfg = Release|Any CPU
		{C0DFDB64-5B99-41C7-8A75-DB4D9AF14087}.Release|Any CPU.Build.0 = Release|Any CPU
		{764FFFAD-C2A1-4761-B4B2-3EE166139F7C}.Debug|Any CPU.ActiveCfg = Debug|Any CPU
		{764FFFAD-C2A1-4761-B4B2-3EE166139F7C}.Debug|Any CPU.Build.0 = Debug|Any CPU
		{764FFFAD-C2A1-4761-B4B2-3EE166139F7C}.Release|Any CPU.ActiveCfg = Release|Any CPU
		{764FFFAD-C2A1-4761-B4B2-3EE166139F7C}.Release|Any CPU.Build.0 = Release|Any CPU
		{372FF400-7AC5-43BE-969D-7B66DD50082D}.Debug|Any CPU.ActiveCfg = Debug|Any CPU
		{372FF400-7AC5-43BE-969D-7B66DD50082D}.Debug|Any CPU.Build.0 = Debug|Any CPU
		{372FF400-7AC5-43BE-969D-7B66DD50082D}.Release|Any CPU.ActiveCfg = Release|Any CPU
		{372FF400-7AC5-43BE-969D-7B66DD50082D}.Release|Any CPU.Build.0 = Release|Any CPU
		{6D7C5286-143D-43CA-9697-DBDE29817F32}.Debug|Any CPU.ActiveCfg = Debug|Any CPU
		{6D7C5286-143D-43CA-9697-DBDE29817F32}.Debug|Any CPU.Build.0 = Debug|Any CPU
		{6D7C5286-143D-43CA-9697-DBDE29817F32}.Release|Any CPU.ActiveCfg = Release|Any CPU
		{6D7C5286-143D-43CA-9697-DBDE29817F32}.Release|Any CPU.Build.0 = Release|Any CPU
	EndGlobalSection
	GlobalSection(SolutionProperties) = preSolution
		HideSolutionNode = FALSE
	EndGlobalSection
	GlobalSection(NestedProjects) = preSolution
		{6F80C03B-4A15-4746-873D-4A9F5F523094} = {E7648B79-DEC0-43B9-9FD6-C95B089B8554}
		{1B80E2E1-BDEC-4BFB-8687-44FEF5817929} = {6F80C03B-4A15-4746-873D-4A9F5F523094}
		{538DC46D-1A8A-4198-A93C-6EB3EA31F99D} = {1B80E2E1-BDEC-4BFB-8687-44FEF5817929}
		{27EB065A-DA6B-42D4-AAB2-19252C15CF00} = {E7648B79-DEC0-43B9-9FD6-C95B089B8554}
		{A77A66C9-6C85-42D6-BDEF-7284925455CC} = {27EB065A-DA6B-42D4-AAB2-19252C15CF00}
		{D601096F-04AB-456B-930D-E31552F93EFD} = {A77A66C9-6C85-42D6-BDEF-7284925455CC}
		{585E2475-2F51-463E-A51B-37D418A13470} = {E7648B79-DEC0-43B9-9FD6-C95B089B8554}
		{CE1F6300-F144-4108-88D2-C81C65E19446} = {585E2475-2F51-463E-A51B-37D418A13470}
		{0292B865-F83A-4067-AA7A-AC4390C5D003} = {CE1F6300-F144-4108-88D2-C81C65E19446}
		{D74361A4-7B25-4508-A2D5-1C7548CA18F8} = {E7648B79-DEC0-43B9-9FD6-C95B089B8554}
		{D7A09862-1A83-4B3F-9346-CD6FDC6FD34B} = {D74361A4-7B25-4508-A2D5-1C7548CA18F8}
		{26E8C430-A27B-4162-A52B-2E13B81774A3} = {D7A09862-1A83-4B3F-9346-CD6FDC6FD34B}
		{481A0A0A-46AF-4297-9D1E-B7E418568D37} = {E7648B79-DEC0-43B9-9FD6-C95B089B8554}
		{7029520D-2D7C-4FAA-BB61-A798B7B4E914} = {481A0A0A-46AF-4297-9D1E-B7E418568D37}
		{BB245CC5-DB0E-402B-A018-2392DB0B031D} = {7029520D-2D7C-4FAA-BB61-A798B7B4E914}
		{B3215B20-4E91-4F7C-8C50-CE05E950CF12} = {E7648B79-DEC0-43B9-9FD6-C95B089B8554}
		{AB294657-44D8-4BDC-B61C-B6B4FADEFA68} = {B3215B20-4E91-4F7C-8C50-CE05E950CF12}
		{23A92D75-074E-4789-A5F8-2732448F8342} = {AB294657-44D8-4BDC-B61C-B6B4FADEFA68}
		{A7865E09-1E3C-4500-A86D-0DED37B2E83F} = {E7648B79-DEC0-43B9-9FD6-C95B089B8554}
		{C3E3E2BB-7692-4CFD-9508-7AB4D3833AA9} = {A7865E09-1E3C-4500-A86D-0DED37B2E83F}
		{C0DFDB64-5B99-41C7-8A75-DB4D9AF14087} = {C3E3E2BB-7692-4CFD-9508-7AB4D3833AA9}
		{0B00253D-7899-4CB9-9C88-B197492B8CDE} = {E7648B79-DEC0-43B9-9FD6-C95B089B8554}
		{0F42143D-C8DB-4B24-AFDB-7AA8B3FD922F} = {0B00253D-7899-4CB9-9C88-B197492B8CDE}
		{764FFFAD-C2A1-4761-B4B2-3EE166139F7C} = {0F42143D-C8DB-4B24-AFDB-7AA8B3FD922F}
		{4A008A2C-0745-42CC-B20D-78908FD90606} = {E7648B79-DEC0-43B9-9FD6-C95B089B8554}
		{8F524485-AE28-4676-9BDD-9A071035A1C4} = {4A008A2C-0745-42CC-B20D-78908FD90606}
		{372FF400-7AC5-43BE-969D-7B66DD50082D} = {8F524485-AE28-4676-9BDD-9A071035A1C4}
		{CBA86A3B-58E2-419F-AEB8-2BC6C2F833D4} = {E7648B79-DEC0-43B9-9FD6-C95B089B8554}
		{A8D6A7DD-B879-474A-BDD5-6D354CF13046} = {CBA86A3B-58E2-419F-AEB8-2BC6C2F833D4}
		{6D7C5286-143D-43CA-9697-DBDE29817F32} = {A8D6A7DD-B879-474A-BDD5-6D354CF13046}
	EndGlobalSection
	GlobalSection(ExtensibilityGlobals) = postSolution
		SolutionGuid = {DBEA4195-2EC3-4536-A4B1-5D507459C520}
	EndGlobalSection
EndGlobal
